{
  "version": 4,
  "terraform_version": "1.15.9",
  "serial": 82,
  "lineage": "88b30218-f682-e542-5bf1-e665df07590a",
  "outputs": {
    "public_ip_address": {
      "value": "57.156.57.15",
      "type": "string"
    }
  },
  "resources": [
    {
      "mode": "managed",
      "type": "azurerm_linux_virtual_machine",
      "name": "main",
      "provider": "provider[\"registry.terraform.io/hashicorp/azurerm\"]",
      "instances": [
        {
          "schema_version": 0,
          "attributes": {
            "additional_capabilities": [],
            "admin_password": null,
            "admin_ssh_key": [
              {
                "public_key": "ssh-rsa AAAAB3NzaC1yc2EAAAADAQABAAABAQD3+6vIONIUY9+n5CYj5FkkUeyzuhh6icsQIuPvy4Q3uOLnvtEkPOikDWLOAMi+/cG6NunA5DJ3k/TeMv+NqZhiM+2upYAj7MY6xJBnWa57am3riAAdbXxOlgu8nkR/R9cyWidYyCnnH9IVWKaa9sLVIOX4mhi1t6cmv9rC6wItKSaChPM+3lAWDFNYDYaGeotJgsepEPHPfXoYBQXpjVBdqI2+WdCOYRtUjQhZsc70y7Z8sZsRpIKRMmkl2X4socebldvkqtl257Q81bRiaia8P1hOWtPgFeBd/V8kem40xfjJIXkxYG8roy8t65vnSJq6d6Fm09aP+v//frw9Sj71 ssh-key-2026-08-29",
                "username": "joao"
              }
            ],
            "admin_username": "joao",
            "allow_extension_operations": true,
            "availability_set_id": "",
            "boot_diagnostics": [],
            "bypass_platform_safety_checks_on_user_schedule_enabled": false,
            "capacity_reservation_group_id": "",
            "computer_name": "tfvmex-vm",
            "custom_data": null,
            "dedicated_host_group_id": "",
            "dedicated_host_id": "",
            "disable_password_authentication": true,
            "disk_controller_type": "SCSI",
            "edge_zone": "",
            "encryption_at_host_enabled": false,
            "eviction_policy": "",
            "extensions_time_budget": "PT1H30M",
            "gallery_application": [],
            "id": "/subscriptions/eccff066-cc22-4b40-bc2f-77da22cbac1c/resourceGroups/tfvmex/providers/Microsoft.Compute/virtualMachines/tfvmex-vm",
            "identity": [],
            "license_type": "",
            "location": "chilecentral",
            "max_bid_price": -1,
            "name": "tfvmex-vm",
            "network_interface_ids": [
              "/subscriptions/eccff066-cc22-4b40-bc2f-77da22cbac1c/resourceGroups/tfvmex/providers/Microsoft.Network/networkInterfaces/tfvmex-nic"
            ],
            "os_disk": [
              {
                "caching": "ReadWrite",
                "diff_disk_settings": [],
                "disk_encryption_set_id": "",
                "disk_size_gb": 30,
                "id": "/subscriptions/eccff066-cc22-4b40-bc2f-77da22cbac1c/resourceGroups/tfvmex/providers/Microsoft.Compute/disks/tfvmex-osdisk",
                "name": "tfvmex-osdisk",
                "secure_vm_disk_encryption_set_id": "",
                "security_encryption_type": "",
                "storage_account_type": "Standard_LRS",
                "write_accelerator_enabled": false
              }
            ],
            "os_image_notification": [],
            "os_managed_disk_id": "/subscriptions/eccff066-cc22-4b40-bc2f-77da22cbac1c/resourceGroups/tfvmex/providers/Microsoft.Compute/disks/tfvmex-osdisk",
            "patch_assessment_mode": "ImageDefault",
            "patch_mode": "ImageDefault",
            "plan": [],
            "platform_fault_domain": -1,
            "priority": "Regular",
            "private_ip_address": "10.0.2.4",
            "private_ip_addresses": [
              "10.0.2.4"
            ],
            "provision_vm_agent": true,
            "proximity_placement_group_id": "",
            "public_ip_address": "57.156.57.15",
            "public_ip_addresses": [
              "57.156.57.15"
            ],
            "reboot_setting": "",
            "resource_group_name": "tfvmex",
            "secret": [],
            "secure_boot_enabled": false,
            "size": "Standard_B2als_v2",
            "source_image_id": "",
            "source_image_reference": [
              {
                "offer": "ubuntu-24_04-lts",
                "publisher": "Canonical",
                "sku": "server",
                "version": "latest"
              }
            ],
            "tags": {
              "environment": "Terraform Demo"
            },
            "termination_notification": null,
            "timeouts": null,
            "user_data": "",
            "virtual_machine_id": "20d0a985-a25b-4e6d-a839-a0e0d69d31dc",
            "virtual_machine_scale_set_id": "",
            "vm_agent_platform_updates_enabled": false,
            "vtpm_enabled": false,
            "zone": ""
          },
          "sensitive_attributes": [
            [
              {
                "type": "get_attr",
                "value": "admin_password"
              }
            ],
            [
              {
                "type": "get_attr",
                "value": "custom_data"
              }
            ]
          ],
          "identity_schema_version": 0,
          "private": "eyJlMmJmYjczMC1lY2FhLTExZTYtOGY4OC0zNDM2M2JjN2M0YzAiOnsiY3JlYXRlIjoyNzAwMDAwMDAwMDAwLCJkZWxldGUiOjI3MDAwMDAwMDAwMDAsInJlYWQiOjMwMDAwMDAwMDAwMCwidXBkYXRlIjoyNzAwMDAwMDAwMDAwfX0=",
          "dependencies": [
            "azurerm_network_interface.main",
            "azurerm_public_ip.main",
            "azurerm_resource_group.desafio",
            "azurerm_subnet.internal",
            "azurerm_virtual_network.main"
          ]
        }
      ]
    },
    {
      "mode": "managed",
      "type": "azurerm_network_interface",
      "name": "main",
      "provider": "provider[\"registry.terraform.io/hashicorp/azurerm\"]",
      "instances": [
        {
          "schema_version": 0,
          "attributes": {
            "accelerated_networking_enabled": false,
            "applied_dns_servers": [],
            "auxiliary_mode": "",
            "auxiliary_sku": "",
            "dns_servers": null,
            "edge_zone": "",
            "id": "/subscriptions/eccff066-cc22-4b40-bc2f-77da22cbac1c/resourceGroups/tfvmex/providers/Microsoft.Network/networkInterfaces/tfvmex-nic",
            "internal_dns_name_label": "",
            "internal_domain_name_suffix": "m3j3qh0msuxeplkrb0kxoy1eeb.sclx.internal.cloudapp.net",
            "ip_configuration": [
              {
                "gateway_load_balancer_frontend_ip_configuration_id": "",
                "name": "internal",
                "primary": true,
                "private_ip_address": "10.0.2.4",
                "private_ip_address_allocation": "Dynamic",
                "private_ip_address_version": "IPv4",
                "public_ip_address_id": "/subscriptions/eccff066-cc22-4b40-bc2f-77da22cbac1c/resourceGroups/tfvmex/providers/Microsoft.Network/publicIPAddresses/tfvmex-public-ip",
                "subnet_id": "/subscriptions/eccff066-cc22-4b40-bc2f-77da22cbac1c/resourceGroups/tfvmex/providers/Microsoft.Network/virtualNetworks/tfvmex-network/subnets/tfvmex-nic"
              }
            ],
            "ip_forwarding_enabled": false,
            "location": "chilecentral",
            "mac_address": "",
            "name": "tfvmex-nic",
            "private_ip_address": "10.0.2.4",
            "private_ip_addresses": [
              "10.0.2.4"
            ],
            "resource_group_name": "tfvmex",
            "tags": null,
            "timeouts": null,
            "virtual_machine_id": ""
          },
          "sensitive_attributes": [],
          "identity_schema_version": 0,
          "identity": {
            "name": "tfvmex-nic",
            "resource_group_name": "tfvmex",
            "subscription_id": "eccff066-cc22-4b40-bc2f-77da22cbac1c"
          },
          "private": "eyJlMmJmYjczMC1lY2FhLTExZTYtOGY4OC0zNDM2M2JjN2M0YzAiOnsiY3JlYXRlIjoxODAwMDAwMDAwMDAwLCJkZWxldGUiOjE4MDAwMDAwMDAwMDAsInJlYWQiOjMwMDAwMDAwMDAwMCwidXBkYXRlIjoxODAwMDAwMDAwMDAwfX0=",
          "dependencies": [
            "azurerm_public_ip.main",
            "azurerm_resource_group.desafio",
            "azurerm_subnet.internal",
            "azurerm_virtual_network.main"
          ]
        }
      ]
    },
    {
      "mode": "managed",
      "type": "azurerm_network_interface_security_group_association",
      "name": "main",
      "provider": "provider[\"registry.terraform.io/hashicorp/azurerm\"]",
      "instances": [
        {
          "schema_version": 0,
          "attributes": {
            "id": "/subscriptions/eccff066-cc22-4b40-bc2f-77da22cbac1c/resourceGroups/tfvmex/providers/Microsoft.Network/networkInterfaces/tfvmex-nic|/subscriptions/eccff066-cc22-4b40-bc2f-77da22cbac1c/resourceGroups/tfvmex/providers/Microsoft.Network/networkSecurityGroups/tfvmex-nsg",
            "network_interface_id": "/subscriptions/eccff066-cc22-4b40-bc2f-77da22cbac1c/resourceGroups/tfvmex/providers/Microsoft.Network/networkInterfaces/tfvmex-nic",
            "network_security_group_id": "/subscriptions/eccff066-cc22-4b40-bc2f-77da22cbac1c/resourceGroups/tfvmex/providers/Microsoft.Network/networkSecurityGroups/tfvmex-nsg",
            "timeouts": null
          },
          "sensitive_attributes": [],
          "identity_schema_version": 0,
          "private": "eyJlMmJmYjczMC1lY2FhLTExZTYtOGY4OC0zNDM2M2JjN2M0YzAiOnsiY3JlYXRlIjoxODAwMDAwMDAwMDAwLCJkZWxldGUiOjE4MDAwMDAwMDAwMDAsInJlYWQiOjMwMDAwMDAwMDAwMH19",
          "dependencies": [
            "azurerm_network_interface.main",
            "azurerm_network_security_group.main",
            "azurerm_public_ip.main",
            "azurerm_resource_group.desafio",
            "azurerm_subnet.internal",
            "azurerm_virtual_network.main"
          ]
        }
      ]
    },
    {
      "mode": "managed",
      "type": "azurerm_network_security_group",
      "name": "main",
      "provider": "provider[\"registry.terraform.io/hashicorp/azurerm\"]",
      "instances": [
        {
          "schema_version": 0,
          "attributes": {
            "id": "/subscriptions/eccff066-cc22-4b40-bc2f-77da22cbac1c/resourceGroups/tfvmex/providers/Microsoft.Network/networkSecurityGroups/tfvmex-nsg",
            "location": "chilecentral",
            "name": "tfvmex-nsg",
            "resource_group_name": "tfvmex",
            "security_rule": [
              {
                "access": "Allow",
                "description": "",
                "destination_address_prefix": "*",
                "destination_address_prefixes": [],
                "destination_application_security_group_ids": [],
                "destination_port_range": "22",
                "destination_port_ranges": [],
                "direction": "Inbound",
                "name": "allow-ssh",
                "priority": 100,
                "protocol": "Tcp",
                "source_address_prefix": "*",
                "source_address_prefixes": [],
                "source_application_security_group_ids": [],
                "source_port_range": "*",
                "source_port_ranges": []
              },
              {
                "access": "Allow",
                "description": "",
                "destination_address_prefix": "*",
                "destination_address_prefixes": [],
                "destination_application_security_group_ids": [],
                "destination_port_range": "80",
                "destination_port_ranges": [],
                "direction": "Inbound",
                "name": "allow-http",
                "priority": 200,
                "protocol": "Tcp",
                "source_address_prefix": "*",
                "source_address_prefixes": [],
                "source_application_security_group_ids": [],
                "source_port_range": "*",
                "source_port_ranges": []
              }
            ],
            "tags": null,
            "timeouts": null
          },
          "sensitive_attributes": [],
          "identity_schema_version": 0,
          "identity": {
            "name": "tfvmex-nsg",
            "resource_group_name": "tfvmex",
            "subscription_id": "eccff066-cc22-4b40-bc2f-77da22cbac1c"
          },
          "private": "eyJlMmJmYjczMC1lY2FhLTExZTYtOGY4OC0zNDM2M2JjN2M0YzAiOnsiY3JlYXRlIjoxODAwMDAwMDAwMDAwLCJkZWxldGUiOjE4MDAwMDAwMDAwMDAsInJlYWQiOjMwMDAwMDAwMDAwMCwidXBkYXRlIjoxODAwMDAwMDAwMDAwfX0=",
          "dependencies": [
            "azurerm_resource_group.desafio"
          ]
        }
      ]
    },
    {
      "mode": "managed",
      "type": "azurerm_public_ip",
      "name": "main",
      "provider": "provider[\"registry.terraform.io/hashicorp/azurerm\"]",
      "instances": [
        {
          "schema_version": 0,
          "attributes": {
            "allocation_method": "Static",
            "ddos_protection_mode": "VirtualNetworkInherited",
            "ddos_protection_plan_id": null,
            "domain_name_label": "",
            "domain_name_label_scope": "",
            "edge_zone": "",
            "fqdn": "",
            "id": "/subscriptions/eccff066-cc22-4b40-bc2f-77da22cbac1c/resourceGroups/tfvmex/providers/Microsoft.Network/publicIPAddresses/tfvmex-public-ip",
            "idle_timeout_in_minutes": 4,
            "ip_address": "57.156.57.15",
            "ip_tags": null,
            "ip_version": "IPv4",
            "location": "chilecentral",
            "name": "tfvmex-public-ip",
            "public_ip_prefix_id": null,
            "resource_group_name": "tfvmex",
            "reverse_fqdn": "",
            "sku": "Standard",
            "sku_tier": "Regional",
            "tags": null,
            "timeouts": null,
            "zones": null
          },
          "sensitive_attributes": [],
          "identity_schema_version": 0,
          "identity": {
            "name": "tfvmex-public-ip",
            "resource_group_name": "tfvmex",
            "subscription_id": "eccff066-cc22-4b40-bc2f-77da22cbac1c"
          },
          "private": "eyJlMmJmYjczMC1lY2FhLTExZTYtOGY4OC0zNDM2M2JjN2M0YzAiOnsiY3JlYXRlIjoxODAwMDAwMDAwMDAwLCJkZWxldGUiOjE4MDAwMDAwMDAwMDAsInJlYWQiOjMwMDAwMDAwMDAwMCwidXBkYXRlIjoxODAwMDAwMDAwMDAwfX0=",
          "dependencies": [
            "azurerm_resource_group.desafio"
          ]
        }
      ]
    },
    {
      "mode": "managed",
      "type": "azurerm_resource_group",
      "name": "desafio",
      "provider": "provider[\"registry.terraform.io/hashicorp/azurerm\"]",
      "instances": [
        {
          "schema_version": 0,
          "attributes": {
            "id": "/subscriptions/eccff066-cc22-4b40-bc2f-77da22cbac1c/resourceGroups/tfvmex",
            "location": "chilecentral",
            "managed_by": "",
            "name": "tfvmex",
            "tags": null,
            "timeouts": null
          },
          "sensitive_attributes": [],
          "identity_schema_version": 0,
          "identity": {
            "name": "tfvmex",
            "subscription_id": "eccff066-cc22-4b40-bc2f-77da22cbac1c"
          },
          "private": "eyJlMmJmYjczMC1lY2FhLTExZTYtOGY4OC0zNDM2M2JjN2M0YzAiOnsiY3JlYXRlIjo1NDAwMDAwMDAwMDAwLCJkZWxldGUiOjU0MDAwMDAwMDAwMDAsInJlYWQiOjMwMDAwMDAwMDAwMCwidXBkYXRlIjo1NDAwMDAwMDAwMDAwfX0="
        }
      ]
    },
    {
      "mode": "managed",
      "type": "azurerm_subnet",
      "name": "internal",
      "provider": "provider[\"registry.terraform.io/hashicorp/azurerm\"]",
      "instances": [
        {
          "schema_version": 0,
          "attributes": {
            "address_prefixes": [
              "10.0.2.0/24"
            ],
            "default_outbound_access_enabled": true,
            "delegation": [],
            "id": "/subscriptions/eccff066-cc22-4b40-bc2f-77da22cbac1c/resourceGroups/tfvmex/providers/Microsoft.Network/virtualNetworks/tfvmex-network/subnets/tfvmex-nic",
            "ip_address_pool": [],
            "name": "tfvmex-nic",
            "network_security_group_id": "",
            "network_security_group_id_wo": null,
            "network_security_group_id_wo_version": 0,
            "private_endpoint_network_policies": "Disabled",
            "private_link_service_network_policies_enabled": true,
            "resource_group_name": "tfvmex",
            "route_table_id": "",
            "route_table_id_wo": null,
            "route_table_id_wo_version": 0,
            "service_endpoint": [],
            "service_endpoint_policy_ids": null,
            "sharing_scope": "",
            "timeouts": null,
            "virtual_network_name": "tfvmex-network"
          },
          "sensitive_attributes": [],
          "identity_schema_version": 0,
          "identity": {
            "name": "tfvmex-nic",
            "resource_group_name": "tfvmex",
            "subscription_id": "eccff066-cc22-4b40-bc2f-77da22cbac1c",
            "virtual_network_name": "tfvmex-network"
          },
          "private": "eyJlMmJmYjczMC1lY2FhLTExZTYtOGY4OC0zNDM2M2JjN2M0YzAiOnsiY3JlYXRlIjoxODAwMDAwMDAwMDAwLCJkZWxldGUiOjE4MDAwMDAwMDAwMDAsInJlYWQiOjMwMDAwMDAwMDAwMCwidXBkYXRlIjoxODAwMDAwMDAwMDAwfX0=",
          "dependencies": [
            "azurerm_resource_group.desafio",
            "azurerm_virtual_network.main"
          ]
        }
      ]
    },
    {
      "mode": "managed",
      "type": "azurerm_virtual_network",
      "name": "main",
      "provider": "provider[\"registry.terraform.io/hashicorp/azurerm\"]",
      "instances": [
        {
          "schema_version": 0,
          "attributes": {
            "address_space": [
              "10.0.0.0/16"
            ],
            "bgp_community": "",
            "ddos_protection_plan": [],
            "dns_servers": [],
            "edge_zone": "",
            "encryption": [],
            "flow_timeout_in_minutes": 0,
            "guid": "1fd85367-954c-472e-ad51-0e9577636421",
            "id": "/subscriptions/eccff066-cc22-4b40-bc2f-77da22cbac1c/resourceGroups/tfvmex/providers/Microsoft.Network/virtualNetworks/tfvmex-network",
            "ip_address_pool": [],
            "location": "chilecentral",
            "name": "tfvmex-network",
            "private_endpoint_vnet_policies": "Disabled",
            "resource_group_name": "tfvmex",
            "subnet": [],
            "tags": null,
            "timeouts": null
          },
          "sensitive_attributes": [],
          "identity_schema_version": 0,
          "identity": {
            "name": "tfvmex-network",
            "resource_group_name": "tfvmex",
            "subscription_id": "eccff066-cc22-4b40-bc2f-77da22cbac1c"
          },
          "private": "eyJlMmJmYjczMC1lY2FhLTExZTYtOGY4OC0zNDM2M2JjN2M0YzAiOnsiY3JlYXRlIjoxODAwMDAwMDAwMDAwLCJkZWxldGUiOjE4MDAwMDAwMDAwMDAsInJlYWQiOjMwMDAwMDAwMDAwMCwidXBkYXRlIjoxODAwMDAwMDAwMDAwfX0=",
          "dependencies": [
            "azurerm_resource_group.desafio"
          ]
        }
      ]
    }
  ],
  "check_results": null
}
